
Microsoft Visual Studio Solution File, Format Version 12.00
# Visual Studio Version 17
VisualStudioVersion = 17.0.32014.148
MinimumVisualStudioVersion = 10.0.40219.1
Project("{9A19103F-16F7-4668-BE54-9A1E7A4F7556}") = "ChessGame", "ChessGame\ChessGame.csproj", "{DF5C8856-25F8-4D37-B740-612B1B0AA07A}"
EndProject
Project("{9A19103F-16F7-4668-BE54-9A1E7A4F7556}") = "Chess", "Chess\Chess.csproj", "{3DA68732-779B-40D3-B7D2-F1E46F4A7810}"
EndProject
Project("{FAE04EC0-301F-11D3-BF4B-00C04F79EFBC}") = "Chess.Test", "Chess.Test\Chess.Test.csproj", "{F4D6D082-53AD-4A55-9521-7768FD0D1D3C}"
EndProject
Global
	GlobalSection(SolutionConfigurationPlatforms) = preSolution
		Debug|Any CPU = Debug|Any CPU
		Debug|x64 = Debug|x64
		Release|Any CPU = Release|Any CPU
		Release|x64 = Release|x64
	EndGlobalSection
	GlobalSection(ProjectConfigurationPlatforms) = postSolution
		{DF5C8856-25F8-4D37-B740-612B1B0AA07A}.Debug|Any CPU.ActiveCfg = Debug|x64
		{DF5C8856-25F8-4D37-B740-612B1B0AA07A}.Debug|Any CPU.Build.0 = Debug|x64
		{DF5C8856-25F8-4D37-B740-612B1B0AA07A}.Debug|x64.ActiveCfg = Debug|x64
		{DF5C8856-25F8-4D37-B740-612B1B0AA07A}.Debug|x64.Build.0 = Debug|x64
		{DF5C8856-25F8-4D37-B740-612B1B0AA07A}.Release|Any CPU.ActiveCfg = Release|x64
		{DF5C8856-25F8-4D37-B740-612B1B0AA07A}.Release|Any CPU.Build.0 = Release|x64
		{DF5C8856-25F8-4D37-B740-612B1B0AA07A}.Release|x64.ActiveCfg = Release|x64
		{DF5C8856-25F8-4D37-B740-612B1B0AA07A}.Release|x64.Build.0 = Release|x64
		{3DA68732-779B-40D3-B7D2-F1E46F4A7810}.Debug|Any CPU.ActiveCfg = Debug|Any CPU
		{3DA68732-779B-40D3-B7D2-F1E46F4A7810}.Debug|Any CPU.Build.0 = Debug|Any CPU
		{3DA68732-779B-40D3-B7D2-F1E46F4A7810}.Debug|x64.ActiveCfg = Debug|Any CPU
		{3DA68732-779B-40D3-B7D2-F1E46F4A7810}.Debug|x64.Build.0 = Debug|Any CPU
		{3DA68732-779B-40D3-B7D2-F1E46F4A7810}.Release|Any CPU.ActiveCfg = Release|Any CPU
		{3DA68732-779B-40D3-B7D2-F1E46F4A7810}.Release|Any CPU.Build.0 = Release|Any CPU
		{3DA68732-779B-40D3-B7D2-F1E46F4A7810}.Release|x64.ActiveCfg = Release|Any CPU
		{3DA68732-779B-40D3-B7D2-F1E46F4A7810}.Release|x64.Build.0 = Release|Any CPU
		{F4D6D082-53AD-4A55-9521-7768FD0D1D3C}.Debug|Any CPU.ActiveCfg = Debug|Any CPU
		{F4D6D082-53AD-4A55-9521-7768FD0D1D3C}.Debug|Any CPU.Build.0 = Debug|Any CPU
		{F4D6D082-53AD-4A55-9521-7768FD0D1D3C}.Debug|x64.ActiveCfg = Debug|Any CPU
		{F4D6D082-53AD-4A55-9521-7768FD0D1D3C}.Debug|x64.Build.0 = Debug|Any CPU
		{F4D6D082-53AD-4A55-9521-7768FD0D1D3C}.Release|Any CPU.ActiveCfg = Release|Any CPU
		{F4D6D082-53AD-4A55-9521-7768FD0D1D3C}.Release|Any CPU.Build.0 = Release|Any CPU
		{F4D6D082-53AD-4A55-9521-7768FD0D1D3C}.Release|x64.ActiveCfg = Release|Any CPU
		{F4D6D082-53AD-4A55-9521-7768FD0D1D3C}.Release|x64.Build.0 = Release|Any CPU
	EndGlobalSection
	GlobalSection(SolutionProperties) = preSolution
		HideSolutionNode = FALSE
	EndGlobalSection
	GlobalSection(ExtensibilityGlobals) = postSolution
		SolutionGuid = {54F5B810-E661-46C8-89AD-C6912A58C00D}
	EndGlobalSection
EndGlobal
